schema: '2.0'
stages:
  config_printing:
    cmd: python3 utils.py
  data_filter:
    cmd: python3 prepare_raw_data.py
    deps:
    - path: prepare_raw_data.py
      hash: md5
      md5: abaa433874a7fc09ebe2fa9cb1136b4e
      size: 882
    params:
      params.yaml:
        dataset_filtering:
          path_to_dataset_folder: /home/misha/scripts/brain_processing_pipeline/brain_data/Второе
            дыхание
          groups:
          - controls
          - patients
          allowed_shape: (164, 117)
    outs:
    - path: vars/data.npy
      hash: md5
      md5: 719a75bd6dd9349922ae65bf0910343b
      size: 319427611
  fourier_transform:
    cmd: python3 apply_fourier_transform.py
    deps:
    - path: apply_fourier_transform.py
      hash: md5
      md5: fcbc497a515c4e70d8602b7f3978f7b1
      size: 972
    - path: vars/data.npy
      hash: md5
      md5: 719a75bd6dd9349922ae65bf0910343b
      size: 319427611
    params:
      params.yaml:
        fourier_transform:
          enable: false
          method: fft + norm
    outs:
    - path: vars/data1.npy
      hash: md5
      md5: 6fafd2b97af86019ef12e9609614002e
      size: 319427650
  calculate_distance_matrix:
    cmd: python3 calculate_distance_matrix.py
    deps:
    - path: calculate_distance_matrix.py
      hash: md5
      md5: 977f7e5071a6f7df32629ad029334302
      size: 1128
    - path: vars/data1.npy
      hash: md5
      md5: 6fafd2b97af86019ef12e9609614002e
      size: 319427650
    params:
      params.yaml:
        calculate_distance_matrix:
          method: l2 norm
    outs:
    - path: vars/distance_matrix.npy
      hash: md5
      md5: 078e554ce4894299bb7e63d395427fa3
      size: 445582689
  generate_distance_matrix_images:
    cmd: python3 generate_distance_matrix_plots.py
    deps:
    - path: generate_distance_matrix_plots.py
      hash: md5
      md5: a212176a9cebfdb71dd8b905d2204182
      size: 1470
    - path: vars/distance_matrix.npy
      hash: md5
      md5: 078e554ce4894299bb7e63d395427fa3
      size: 445582689
    params:
      params.yaml:
        generate_distance_matrix_plots:
          rows: 10
          cols: 3
    outs:
    - path: vars/images
      hash: md5
      md5: e529836cd066ba5a7d5dea04878710f4.dir
      size: 2466077
      nfiles: 1
