schema: '2.0'
stages:
  data_filter:
    cmd: python prepare_raw_data.py
    deps:
    - path: prepare_raw_data.py
      hash: md5
      md5: 6511bd34c2ed8dc2828edac4a15cdd2e
      size: 848
    params:
      params.yaml:
        dataset_filtering:
          path_to_dataset_folder: /home/misha/scripts/brain_processing_pipeline/brain_data/Второе
            дыхание
          groups:
          - controls
          - patients
          allowed_shape: (164, 117)
    outs:
    - path: vars/data.npy
      hash: md5
      md5: 689a4fbfef9362cbc06f4ba1cf1bd0c7
      size: 121752477
  fourier_transform:
    cmd: python apply_fourier_transform.py
    deps:
    - path: apply_fourier_transform.py
      hash: md5
      md5: 30c3181c31e5ca4724669b94ce1924a6
      size: 972
    - path: vars/data.npy
      hash: md5
      md5: 689a4fbfef9362cbc06f4ba1cf1bd0c7
      size: 121752477
    params:
      params.yaml:
        fourier_transform:
          enable: false
          method: fft + abs
    outs:
    - path: vars/data1.npy
      hash: md5
      md5: 5450aacd082a8c3f8ae385b2c70c71dc
      size: 121752516
  calculate_distance_matrix:
    cmd: python calculate_distance_matrix.py
    deps:
    - path: calculate_distance_matrix.py
      hash: md5
      md5: 941771d8ed4e2ea8b8c9376f3fedcff4
      size: 1076
    - path: vars/data1.npy
      hash: md5
      md5: 5450aacd082a8c3f8ae385b2c70c71dc
      size: 121752516
    params:
      params.yaml:
        calculate_distance_matrix:
          method: mse
    outs:
    - path: vars/distance_matrix.npy
      hash: md5
      md5: b4e20d7c8bd41ea04c8160bfc87c9ca1
      size: 169837376
  generate_distance_matrix_images:
    cmd: python generate_distance_matrix_plots.py
    deps:
    - path: generate_distance_matrix_plots.py
      hash: md5
      md5: b7c648137acf6d796b18746b5793f369
      size: 2025
    - path: vars/distance_matrix.npy
      hash: md5
      md5: b4e20d7c8bd41ea04c8160bfc87c9ca1
      size: 169837376
    params:
      params.yaml:
        generate_distance_matrix_plots:
          rows: 4
          cols: 4
    outs:
    - path: vars/images
      hash: md5
      md5: 9f7448dd39ee22200485f7e4b57a9889.dir
      size: 723570
      nfiles: 1
  config_printing:
    cmd: python utils.py
